{
  "version": 4,
  "terraform_version": "1.5.7",
  "serial": 116,
  "lineage": "3b0e1601-32f5-5ca2-c4cc-c0742112f2c7",
  "outputs": {},
  "resources": [
    {
      "mode": "data",
      "type": "yandex_compute_image",
      "name": "jenkins-agent_image",
      "provider": "provider[\"registry.terraform.io/yandex-cloud/yandex\"]",
      "instances": [
        {
          "schema_version": 0,
          "attributes": {
            "created_at": "2023-10-23T10:53:31Z",
            "description": "centos stream 8",
            "family": "centos-stream-8",
            "folder_id": "standard-images",
            "id": "fd8k6qv92odfa6bitg6k",
            "image_id": "fd8k6qv92odfa6bitg6k",
            "labels": {},
            "min_disk_size": 10,
            "name": "centos-stream-8-v20231023",
            "os_type": "linux",
            "pooled": true,
            "product_ids": [
              "f2en5ttbmpanmsj1eep5"
            ],
            "size": 3,
            "status": "ready"
          },
          "sensitive_attributes": []
        }
      ]
    },
    {
      "mode": "data",
      "type": "yandex_compute_image",
      "name": "jenkins-master_image",
      "provider": "provider[\"registry.terraform.io/yandex-cloud/yandex\"]",
      "instances": [
        {
          "schema_version": 0,
          "attributes": {
            "created_at": "2023-10-23T10:53:31Z",
            "description": "centos stream 8",
            "family": "centos-stream-8",
            "folder_id": "standard-images",
            "id": "fd8k6qv92odfa6bitg6k",
            "image_id": "fd8k6qv92odfa6bitg6k",
            "labels": {},
            "min_disk_size": 10,
            "name": "centos-stream-8-v20231023",
            "os_type": "linux",
            "pooled": true,
            "product_ids": [
              "f2en5ttbmpanmsj1eep5"
            ],
            "size": 3,
            "status": "ready"
          },
          "sensitive_attributes": []
        }
      ]
    },
    {
      "mode": "managed",
      "type": "local_file",
      "name": "hosts_cfg",
      "provider": "provider[\"registry.terraform.io/hashicorp/local\"]",
      "instances": [
        {
          "schema_version": 0,
          "attributes": {
            "content": "---\nall:\n  hosts:\n    jenkins-master-0:\n      ansible_host: 51.250.7.206\n    jenkins-agent-0:\n      ansible_host: 51.250.67.9\n  children:\n    jenkins:\n      children:\n        jenkins-masters:\n          hosts:\n            jenkins-master-0:\n        jenkins-agents:\n          hosts:\n            jenkins-agent-0:\n  vars:\n    ansible_connection_type: paramiko\n    ansible_user: cloud-user",
            "content_base64": null,
            "content_base64sha256": "ECgzxWH9grIZKeB7Deh0fs/QOJiOrYcQrfqtaCa+e08=",
            "content_base64sha512": "9Dg/4KsPL4FwdVQ6R91PViMEfCpCqTGwxLszOmQn1Pl13OqDLZFH3GEvbksIobmaykzzb0zFt4DxDS72Ld3ExA==",
            "content_md5": "ec780aa03b0764845c22682e5aa5cab3",
            "content_sha1": "4ac000bd1b3d57a6f433975a437495d123b9ae9a",
            "content_sha256": "102833c561fd82b21929e07b0de8747ecfd038988ead8710adfaad6826be7b4f",
            "content_sha512": "f4383fe0ab0f2f817075543a47dd4f5623047c2a42a931b0c4bb333a6427d4f975dcea832d9147dc612f6e4b08a1b99aca4cf36f4cc5b780f10d2ef62dddc4c4",
            "directory_permission": "0777",
            "file_permission": "0777",
            "filename": ".././inventory/cicd/hosts.yml",
            "id": "4ac000bd1b3d57a6f433975a437495d123b9ae9a",
            "sensitive_content": null,
            "source": null
          },
          "sensitive_attributes": [],
          "dependencies": [
            "data.yandex_compute_image.jenkins-agent_image",
            "data.yandex_compute_image.jenkins-master_image",
            "yandex_compute_instance.group_vm_server_jenkins-agent",
            "yandex_compute_instance.group_vm_server_jenkins-master",
            "yandex_vpc_network.develop",
            "yandex_vpc_subnet.develop"
          ]
        }
      ]
    },
    {
      "mode": "managed",
      "type": "yandex_compute_instance",
      "name": "group_vm_server_jenkins-agent",
      "provider": "provider[\"registry.terraform.io/yandex-cloud/yandex\"]",
      "instances": [
        {
          "index_key": 0,
          "schema_version": 1,
          "attributes": {
            "allow_recreate": null,
            "allow_stopping_for_update": null,
            "boot_disk": [
              {
                "auto_delete": true,
                "device_name": "fhmb6g1bivtvv27o1g85",
                "disk_id": "fhmb6g1bivtvv27o1g85",
                "initialize_params": [
                  {
                    "block_size": 4096,
                    "description": "",
                    "image_id": "fd8k6qv92odfa6bitg6k",
                    "name": "",
                    "size": 10,
                    "snapshot_id": "",
                    "type": "network-hdd"
                  }
                ],
                "mode": "READ_WRITE"
              }
            ],
            "created_at": "2023-10-24T12:56:59Z",
            "description": "",
            "filesystem": [],
            "folder_id": "b1gisnhmrogprfeqgrrs",
            "fqdn": "fhm2oris4sggb6j5bbh1.auto.internal",
            "gpu_cluster_id": "",
            "hostname": "",
            "id": "fhm2oris4sggb6j5bbh1",
            "labels": null,
            "local_disk": [],
            "metadata": {
              "serial-port-enable": "1",
              "ssh-keys": "cloud-user:ssh-rsa AAAAB3NzaC1yc2EAAAADAQABAAABgQDIPUPaEMCfLV8CqR9A642bEoM4luGw/iMFHFyuH7a3gFxhbJq3EMYmpDa4g29VasfzMYb8eHGyZ2qf4WThwwWBYtVGbVWJ7eUi3/5445aXPQrlctn15lA8lylnZIIAwUb9+f5ztKNWtrIwiznlvdh65gF3uMnNAHXRgnUJSOsFtCish6+XyTawX53Lt/8NKPXNjtDfUh+6MmGWx5he5/l/qqjYdYjy3deUXInCxngqA7PtK/XrOo6v35j1+dPIPfKs3ZPRxD2D5fghmKzU7vZegTh+u08zg+VaEMtQTshpaYwiFaNn7UX64uGexeab6mQoYb/r2DFCqPRxAG9akEjG0/GMqA9KlBnquzX07nAIvM74youFNV6hbmeV6wydpzBJWBScsA6ck/zgPchUFtZSg9eP4pW2Pkk90LjSU/z9wAlGW832uGK+XD1Dn+S5I3AWyatOUsIQKejTN/fZY3r6ALkoS1NE1qBISaYwmVy/cPEpuclmYLoSawQssXPAxm8= home@pc\n"
            },
            "metadata_options": [
              {
                "aws_v1_http_endpoint": 1,
                "aws_v1_http_token": 2,
                "gce_http_endpoint": 1,
                "gce_http_token": 1
              }
            ],
            "name": "jenkins-agent-0",
            "network_acceleration_type": "standard",
            "network_interface": [
              {
                "dns_record": [],
                "index": 0,
                "ip_address": "10.0.1.35",
                "ipv4": true,
                "ipv6": false,
                "ipv6_address": "",
                "ipv6_dns_record": [],
                "mac_address": "d0:0d:2c:6e:5c:27",
                "nat": true,
                "nat_dns_record": [],
                "nat_ip_address": "51.250.67.9",
                "nat_ip_version": "IPV4",
                "security_group_ids": [],
                "subnet_id": "e9bd79f7423tkbvnrr7d"
              }
            ],
            "placement_policy": [
              {
                "host_affinity_rules": [],
                "placement_group_id": ""
              }
            ],
            "platform_id": "standard-v1",
            "resources": [
              {
                "core_fraction": 5,
                "cores": 2,
                "gpus": 0,
                "memory": 4
              }
            ],
            "scheduling_policy": [
              {
                "preemptible": true
              }
            ],
            "secondary_disk": [],
            "service_account_id": "",
            "status": "running",
            "timeouts": null,
            "zone": "ru-central1-a"
          },
          "sensitive_attributes": [],
          "private": "eyJlMmJmYjczMC1lY2FhLTExZTYtOGY4OC0zNDM2M2JjN2M0YzAiOnsiY3JlYXRlIjozMDAwMDAwMDAwMDAsImRlbGV0ZSI6MzAwMDAwMDAwMDAwLCJ1cGRhdGUiOjMwMDAwMDAwMDAwMH0sInNjaGVtYV92ZXJzaW9uIjoiMSJ9",
          "dependencies": [
            "data.yandex_compute_image.jenkins-agent_image",
            "yandex_vpc_network.develop",
            "yandex_vpc_subnet.develop"
          ]
        }
      ]
    },
    {
      "mode": "managed",
      "type": "yandex_compute_instance",
      "name": "group_vm_server_jenkins-master",
      "provider": "provider[\"registry.terraform.io/yandex-cloud/yandex\"]",
      "instances": [
        {
          "index_key": 0,
          "schema_version": 1,
          "attributes": {
            "allow_recreate": null,
            "allow_stopping_for_update": null,
            "boot_disk": [
              {
                "auto_delete": true,
                "device_name": "fhm4egi9tpros8j9rejh",
                "disk_id": "fhm4egi9tpros8j9rejh",
                "initialize_params": [
                  {
                    "block_size": 4096,
                    "description": "",
                    "image_id": "fd8k6qv92odfa6bitg6k",
                    "name": "",
                    "size": 10,
                    "snapshot_id": "",
                    "type": "network-hdd"
                  }
                ],
                "mode": "READ_WRITE"
              }
            ],
            "created_at": "2023-10-24T12:56:59Z",
            "description": "",
            "filesystem": [],
            "folder_id": "b1gisnhmrogprfeqgrrs",
            "fqdn": "fhmatc29a14nm15m0rib.auto.internal",
            "gpu_cluster_id": "",
            "hostname": "",
            "id": "fhmatc29a14nm15m0rib",
            "labels": null,
            "local_disk": [],
            "metadata": {
              "serial-port-enable": "1",
              "ssh-keys": "cloud-user:ssh-rsa AAAAB3NzaC1yc2EAAAADAQABAAABgQDIPUPaEMCfLV8CqR9A642bEoM4luGw/iMFHFyuH7a3gFxhbJq3EMYmpDa4g29VasfzMYb8eHGyZ2qf4WThwwWBYtVGbVWJ7eUi3/5445aXPQrlctn15lA8lylnZIIAwUb9+f5ztKNWtrIwiznlvdh65gF3uMnNAHXRgnUJSOsFtCish6+XyTawX53Lt/8NKPXNjtDfUh+6MmGWx5he5/l/qqjYdYjy3deUXInCxngqA7PtK/XrOo6v35j1+dPIPfKs3ZPRxD2D5fghmKzU7vZegTh+u08zg+VaEMtQTshpaYwiFaNn7UX64uGexeab6mQoYb/r2DFCqPRxAG9akEjG0/GMqA9KlBnquzX07nAIvM74youFNV6hbmeV6wydpzBJWBScsA6ck/zgPchUFtZSg9eP4pW2Pkk90LjSU/z9wAlGW832uGK+XD1Dn+S5I3AWyatOUsIQKejTN/fZY3r6ALkoS1NE1qBISaYwmVy/cPEpuclmYLoSawQssXPAxm8= home@pc\n"
            },
            "metadata_options": [
              {
                "aws_v1_http_endpoint": 1,
                "aws_v1_http_token": 2,
                "gce_http_endpoint": 1,
                "gce_http_token": 1
              }
            ],
            "name": "jenkins-master-0",
            "network_acceleration_type": "standard",
            "network_interface": [
              {
                "dns_record": [],
                "index": 0,
                "ip_address": "10.0.1.18",
                "ipv4": true,
                "ipv6": false,
                "ipv6_address": "",
                "ipv6_dns_record": [],
                "mac_address": "d0:0d:ae:b0:49:50",
                "nat": true,
                "nat_dns_record": [],
                "nat_ip_address": "51.250.7.206",
                "nat_ip_version": "IPV4",
                "security_group_ids": [],
                "subnet_id": "e9bd79f7423tkbvnrr7d"
              }
            ],
            "placement_policy": [
              {
                "host_affinity_rules": [],
                "placement_group_id": ""
              }
            ],
            "platform_id": "standard-v1",
            "resources": [
              {
                "core_fraction": 5,
                "cores": 2,
                "gpus": 0,
                "memory": 4
              }
            ],
            "scheduling_policy": [
              {
                "preemptible": true
              }
            ],
            "secondary_disk": [],
            "service_account_id": "",
            "status": "running",
            "timeouts": null,
            "zone": "ru-central1-a"
          },
          "sensitive_attributes": [],
          "private": "eyJlMmJmYjczMC1lY2FhLTExZTYtOGY4OC0zNDM2M2JjN2M0YzAiOnsiY3JlYXRlIjozMDAwMDAwMDAwMDAsImRlbGV0ZSI6MzAwMDAwMDAwMDAwLCJ1cGRhdGUiOjMwMDAwMDAwMDAwMH0sInNjaGVtYV92ZXJzaW9uIjoiMSJ9",
          "dependencies": [
            "data.yandex_compute_image.jenkins-master_image",
            "yandex_vpc_network.develop",
            "yandex_vpc_subnet.develop"
          ]
        }
      ]
    },
    {
      "mode": "managed",
      "type": "yandex_vpc_network",
      "name": "develop",
      "provider": "provider[\"registry.terraform.io/yandex-cloud/yandex\"]",
      "instances": [
        {
          "schema_version": 0,
          "attributes": {
            "created_at": "2023-10-24T12:56:55Z",
            "default_security_group_id": "enpcou7osm7p1edg2abr",
            "description": "",
            "folder_id": "b1gisnhmrogprfeqgrrs",
            "id": "enp4sgpiodi6g9n6ns8d",
            "labels": {},
            "name": "develop",
            "subnet_ids": [],
            "timeouts": null
          },
          "sensitive_attributes": [],
          "private": "eyJlMmJmYjczMC1lY2FhLTExZTYtOGY4OC0zNDM2M2JjN2M0YzAiOnsiY3JlYXRlIjo2MDAwMDAwMDAwMCwiZGVsZXRlIjo2MDAwMDAwMDAwMCwidXBkYXRlIjo2MDAwMDAwMDAwMH19"
        }
      ]
    },
    {
      "mode": "managed",
      "type": "yandex_vpc_subnet",
      "name": "develop",
      "provider": "provider[\"registry.terraform.io/yandex-cloud/yandex\"]",
      "instances": [
        {
          "schema_version": 0,
          "attributes": {
            "created_at": "2023-10-24T12:56:58Z",
            "description": "",
            "dhcp_options": [],
            "folder_id": "b1gisnhmrogprfeqgrrs",
            "id": "e9bd79f7423tkbvnrr7d",
            "labels": {},
            "name": "develop",
            "network_id": "enp4sgpiodi6g9n6ns8d",
            "route_table_id": "",
            "timeouts": null,
            "v4_cidr_blocks": [
              "10.0.1.0/24"
            ],
            "v6_cidr_blocks": [],
            "zone": "ru-central1-a"
          },
          "sensitive_attributes": [],
          "private": "eyJlMmJmYjczMC1lY2FhLTExZTYtOGY4OC0zNDM2M2JjN2M0YzAiOnsiY3JlYXRlIjoxODAwMDAwMDAwMDAsImRlbGV0ZSI6MTgwMDAwMDAwMDAwLCJ1cGRhdGUiOjE4MDAwMDAwMDAwMH19",
          "dependencies": [
            "yandex_vpc_network.develop"
          ]
        }
      ]
    }
  ],
  "check_results": null
}
